// !$*UTF8*$!
{
	archiveVersion = 1;
	classes = {
	};
	objectVersion = 46;
	objects = {

/* Begin PBXBuildFile section */
		1372A9851D22D27C00E276AB /* main.m in Sources */ = {isa = PBXBuildFile; fileRef = 1372A9841D22D27C00E276AB /* main.m */; };
		1372A9881D22D27C00E276AB /* AppDelegate.m in Sources */ = {isa = PBXBuildFile; fileRef = 1372A9871D22D27C00E276AB /* AppDelegate.m */; };
		1372A98B1D22D27C00E276AB /* ViewController.m in Sources */ = {isa = PBXBuildFile; fileRef = 1372A98A1D22D27C00E276AB /* ViewController.m */; };
		1372A98E1D22D27C00E276AB /* Main.storyboard in Resources */ = {isa = PBXBuildFile; fileRef = 1372A98C1D22D27C00E276AB /* Main.storyboard */; };
		1372A9901D22D27C00E276AB /* Assets.xcassets in Resources */ = {isa = PBXBuildFile; fileRef = 1372A98F1D22D27C00E276AB /* Assets.xcassets */; };
		1372A9931D22D27C00E276AB /* LaunchScreen.storyboard in Resources */ = {isa = PBXBuildFile; fileRef = 1372A9911D22D27C00E276AB /* LaunchScreen.storyboard */; };
		1372A99E1D22D27C00E276AB /* MYHToTopViewDemoTests.m in Sources */ = {isa = PBXBuildFile; fileRef = 1372A99D1D22D27C00E276AB /* MYHToTopViewDemoTests.m */; };
		1372A9A91D22D27C00E276AB /* MYHToTopViewDemoUITests.m in Sources */ = {isa = PBXBuildFile; fileRef = 1372A9A81D22D27C00E276AB /* MYHToTopViewDemoUITests.m */; };
		1372A9B91D22D31E00E276AB /* MYHToTopView.m in Sources */ = {isa = PBXBuildFile; fileRef = 1372A9B81D22D31E00E276AB /* MYHToTopView.m */; };
/* End PBXBuildFile section */

/* Begin PBXContainerItemProxy section */
		1372A99A1D22D27C00E276AB /* PBXContainerItemProxy */ = {
			isa = PBXContainerItemProxy;
			containerPortal = 1372A9781D22D27B00E276AB /* Project object */;
			proxyType = 1;
			remoteGlobalIDString = 1372A97F1D22D27B00E276AB;
			remoteInfo = MYHToTopViewDemo;
		};
		1372A9A51D22D27C00E276AB /* PBXContainerItemProxy */ = {
			isa = PBXContainerItemProxy;
			containerPortal = 1372A9781D22D27B00E276AB /* Project object */;
			proxyType = 1;
			remoteGlobalIDString = 1372A97F1D22D27B00E276AB;
			remoteInfo = MYHToTopViewDemo;
		};
/* End PBXContainerItemProxy section */

/* Begin PBXFileReference section */
		1372A9801D22D27B00E276AB /* MYHToTopViewDemo.app */ = {isa = PBXFileReference; explicitFileType = wrapper.application; includeInIndex = 0; path = MYHToTopViewDemo.app; sourceTree = BUILT_PRODUCTS_DIR; };
		1372A9841D22D27C00E276AB /* main.m */ = {isa = PBXFileReference; lastKnownFileType = sourcecode.c.objc; path = main.m; sourceTree = "<group>"; };
		1372A9861D22D27C00E276AB /* AppDelegate.h */ = {isa = PBXFileReference; lastKnownFileType = sourcecode.c.h; path = AppDelegate.h; sourceTree = "<group>"; };
		1372A9871D22D27C00E276AB /* AppDelegate.m */ = {isa = PBXFileReference; lastKnownFileType = sourcecode.c.objc; path = AppDelegate.m; sourceTree = "<group>"; };
		1372A9891D22D27C00E276AB /* ViewController.h */ = {isa = PBXFileReference; lastKnownFileType = sourcecode.c.h; path = ViewController.h; sourceTree = "<group>"; };
		1372A98A1D22D27C00E276AB /* ViewController.m */ = {isa = PBXFileReference; lastKnownFileType = sourcecode.c.objc; path = ViewController.m; sourceTree = "<group>"; };
		1372A98D1D22D27C00E276AB /* Base */ = {isa = PBXFileReference; lastKnownFileType = file.storyboard; name = Base; path = Base.lproj/Main.storyboard; sourceTree = "<group>"; };
		1372A98F1D22D27C00E276AB /* Assets.xcassets */ = {isa = PBXFileReference; lastKnownFileType = folder.assetcatalog; path = Assets.xcassets; sourceTree = "<group>"; };
		1372A9921D22D27C00E276AB /* Base */ = {isa = PBXFileReference; lastKnownFileType = file.storyboard; name = Base; path = Base.lproj/LaunchScreen.storyboard; sourceTree = "<group>"; };
		1372A9941D22D27C00E276AB /* Info.plist */ = {isa = PBXFileReference; lastKnownFileType = text.plist.xml; path = Info.plist; sourceTree = "<group>"; };
		1372A9991D22D27C00E276AB /* MYHToTopViewDemoTests.xctest */ = {isa = PBXFileReference; explicitFileType = wrapper.cfbundle; includeInIndex = 0; path = MYHToTopViewDemoTests.xctest; sourceTree = BUILT_PRODUCTS_DIR; };
		1372A99D1D22D27C00E276AB /* MYHToTopViewDemoTests.m */ = {isa = PBXFileReference; lastKnownFileType = sourcecode.c.objc; path = MYHToTopViewDemoTests.m; sourceTree = "<group>"; };
		1372A99F1D22D27C00E276AB /* Info.plist */ = {isa = PBXFileReference; lastKnownFileType = text.plist.xml; path = Info.plist; sourceTree = "<group>"; };
		1372A9A41D22D27C00E276AB /* MYHToTopViewDemoUITests.xctest */ = {isa = PBXFileReference; explicitFileType = wrapper.cfbundle; includeInIndex = 0; path = MYHToTopViewDemoUITests.xctest; sourceTree = BUILT_PRODUCTS_DIR; };
		1372A9A81D22D27C00E276AB /* MYHToTopViewDemoUITests.m */ = {isa = PBXFileReference; lastKnownFileType = sourcecode.c.objc; path = MYHToTopViewDemoUITests.m; sourceTree = "<group>"; };
		1372A9AA1D22D27C00E276AB /* Info.plist */ = {isa = PBXFileReference; lastKnownFileType = text.plist.xml; path = Info.plist; sourceTree = "<group>"; };
		1372A9B71D22D31E00E276AB /* MYHToTopView.h */ = {isa = PBXFileReference; fileEncoding = 4; lastKnownFileType = sourcecode.c.h; path = MYHToTopView.h; sourceTree = "<group>"; };
		1372A9B81D22D31E00E276AB /* MYHToTopView.m */ = {isa = PBXFileReference; fileEncoding = 4; lastKnownFileType = sourcecode.c.objc; path = MYHToTopView.m; sourceTree = "<group>"; };
/* End PBXFileReference section */

/* Begin PBXFrameworksBuildPhase section */
		1372A97D1D22D27B00E276AB /* Frameworks */ = {
			isa = PBXFrameworksBuildPhase;
			buildActionMask = 2147483647;
			files = (
			);
			runOnlyForDeploymentPostprocessing = 0;
		};
		1372A9961D22D27C00E276AB /* Frameworks */ = {
			isa = PBXFrameworksBuildPhase;
			buildActionMask = 2147483647;
			files = (
			);
			runOnlyForDeploymentPostprocessing = 0;
		};
		1372A9A11D22D27C00E276AB /* Frameworks */ = {
			isa = PBXFrameworksBuildPhase;
			buildActionMask = 2147483647;
			files = (
			);
			runOnlyForDeploymentPostprocessing = 0;
		};
/* End PBXFrameworksBuildPhase section */

/* Begin PBXGroup section */
		1372A9771D22D27B00E276AB = {
			isa = PBXGroup;
			children = (
				1372A9821D22D27B00E276AB /* MYHToTopViewDemo */,
				1372A99C1D22D27C00E276AB /* MYHToTopViewDemoTests */,
				1372A9A71D22D27C00E276AB /* MYHToTopViewDemoUITests */,
				1372A9811D22D27B00E276AB /* Products */,
			);
			sourceTree = "<group>";
		};
		1372A9811D22D27B00E276AB /* Products */ = {
			isa = PBXGroup;
			children = (
				1372A9801D22D27B00E276AB /* MYHToTopViewDemo.app */,
				1372A9991D22D27C00E276AB /* MYHToTopViewDemoTests.xctest */,
				1372A9A41D22D27C00E276AB /* MYHToTopViewDemoUITests.xctest */,
			);
			name = Products;
			sourceTree = "<group>";
		};
		1372A9821D22D27B00E276AB /* MYHToTopViewDemo */ = {
			isa = PBXGroup;
			children = (
				1372A9B61D22D31E00E276AB /* MYHToTopView */,
				1372A9861D22D27C00E276AB /* AppDelegate.h */,
				1372A9871D22D27C00E276AB /* AppDelegate.m */,
				1372A9891D22D27C00E276AB /* ViewController.h */,
				1372A98A1D22D27C00E276AB /* ViewController.m */,
				1372A98C1D22D27C00E276AB /* Main.storyboard */,
				1372A98F1D22D27C00E276AB /* Assets.xcassets */,
				1372A9911D22D27C00E276AB /* LaunchScreen.storyboard */,
				1372A9941D22D27C00E276AB /* Info.plist */,
				1372A9831D22D27B00E276AB /* Supporting Files */,
			);
			path = MYHToTopViewDemo;
			sourceTree = "<group>";
		};
		1372A9831D22D27B00E276AB /* Supporting Files */ = {
			isa = PBXGroup;
			children = (
				1372A9841D22D27C00E276AB /* main.m */,
			);
			name = "Supporting Files";
			sourceTree = "<group>";
		};
		1372A99C1D22D27C00E276AB /* MYHToTopViewDemoTests */ = {
			isa = PBXGroup;
			children = (
				1372A99D1D22D27C00E276AB /* MYHToTopViewDemoTests.m */,
				1372A99F1D22D27C00E276AB /* Info.plist */,
			);
			path = MYHToTopViewDemoTests;
			sourceTree = "<group>";
		};
		1372A9A71D22D27C00E276AB /* MYHToTopViewDemoUITests */ = {
			isa = PBXGroup;
			children = (
				1372A9A81D22D27C00E276AB /* MYHToTopViewDemoUITests.m */,
				1372A9AA1D22D27C00E276AB /* Info.plist */,
			);
			path = MYHToTopViewDemoUITests;
			sourceTree = "<group>";
		};
		1372A9B61D22D31E00E276AB /* MYHToTopView */ = {
			isa = PBXGroup;
			children = (
				1372A9B71D22D31E00E276AB /* MYHToTopView.h */,
				1372A9B81D22D31E00E276AB /* MYHToTopView.m */,
			);
			name = MYHToTopView;
			path = ../../MYHToTopView;
			sourceTree = "<group>";
		};
/* End PBXGroup section */

/* Begin PBXNativeTarget section */
		1372A97F1D22D27B00E276AB /* MYHToTopViewDemo */ = {
			isa = PBXNativeTarget;
			buildConfigurationList = 1372A9AD1D22D27C00E276AB /* Build configuration list for PBXNativeTarget "MYHToTopViewDemo" */;
			buildPhases = (
				1372A97C1D22D27B00E276AB /* Sources */,
				1372A97D1D22D27B00E276AB /* Frameworks */,
				1372A97E1D22D27B00E276AB /* Resources */,
			);
			buildRules = (
			);
			dependencies = (
			);
			name = MYHToTopViewDemo;
			productName = MYHToTopViewDemo;
			productReference = 1372A9801D22D27B00E276AB /* MYHToTopViewDemo.app */;
			productType = "com.apple.product-type.application";
		};
		1372A9981D22D27C00E276AB /* MYHToTopViewDemoTests */ = {
			isa = PBXNativeTarget;
			buildConfigurationList = 1372A9B01D22D27C00E276AB /* Build configuration list for PBXNativeTarget "MYHToTopViewDemoTests" */;
			buildPhases = (
				1372A9951D22D27C00E276AB /* Sources */,
				1372A9961D22D27C00E276AB /* Frameworks */,
				1372A9971D22D27C00E276AB /* Resources */,
			);
			buildRules = (
			);
			dependencies = (
				1372A99B1D22D27C00E276AB /* PBXTargetDependency */,
			);
			name = MYHToTopViewDemoTests;
			productName = MYHToTopViewDemoTests;
			productReference = 1372A9991D22D27C00E276AB /* MYHToTopViewDemoTests.xctest */;
			productType = "com.apple.product-type.bundle.unit-test";
		};
		1372A9A31D22D27C00E276AB /* MYHToTopViewDemoUITests */ = {
			isa = PBXNativeTarget;
			buildConfigurationList = 1372A9B31D22D27C00E276AB /* Build configuration list for PBXNativeTarget "MYHToTopViewDemoUITests" */;
			buildPhases = (
				1372A9A01D22D27C00E276AB /* Sources */,
				1372A9A11D22D27C00E276AB /* Frameworks */,
				1372A9A21D22D27C00E276AB /* Resources */,
			);
			buildRules = (
			);
			dependencies = (
				1372A9A61D22D27C00E276AB /* PBXTargetDependency */,
			);
			name = MYHToTopViewDemoUITests;
			productName = MYHToTopViewDemoUITests;
			productReference = 1372A9A41D22D27C00E276AB /* MYHToTopViewDemoUITests.xctest */;
			productType = "com.apple.product-type.bundle.ui-testing";
		};
/* End PBXNativeTarget section */

/* Begin PBXProject section */
		1372A9781D22D27B00E276AB /* Project object */ = {
			isa = PBXProject;
			attributes = {
				LastUpgradeCheck = 0730;
				ORGANIZATIONNAME = myh;
				TargetAttributes = {
					1372A97F1D22D27B00E276AB = {
						CreatedOnToolsVersion = 7.3.1;
					};
					1372A9981D22D27C00E276AB = {
						CreatedOnToolsVersion = 7.3.1;
						TestTargetID = 1372A97F1D22D27B00E276AB;
					};
					1372A9A31D22D27C00E276AB = {
						CreatedOnToolsVersion = 7.3.1;
						TestTargetID = 1372A97F1D22D27B00E276AB;
					};
				};
			};
			buildConfigurationList = 1372A97B1D22D27B00E276AB /* Build configuration list for PBXProject "MYHToTopViewDemo" */;
			compatibilityVersion = "Xcode 3.2";
			developmentRegion = English;
			hasScannedForEncodings = 0;
			knownRegions = (
				en,
				Base,
			);
			mainGroup = 1372A9771D22D27B00E276AB;
			productRefGroup = 1372A9811D22D27B00E276AB /* Products */;
			projectDirPath = "";
			projectRoot = "";
			targets = (
				1372A97F1D22D27B00E276AB /* MYHToTopViewDemo */,
				1372A9981D22D27C00E276AB /* MYHToTopViewDemoTests */,
				1372A9A31D22D27C00E276AB /* MYHToTopViewDemoUITests */,
			);
		};
/* End PBXProject section */

/* Begin PBXResourcesBuildPhase section */
		1372A97E1D22D27B00E276AB /* Resources */ = {
			isa = PBXResourcesBuildPhase;
			buildActionMask = 2147483647;
			files = (
				1372A9931D22D27C00E276AB /* LaunchScreen.storyboard in Resources */,
				1372A9901D22D27C00E276AB /* Assets.xcassets in Resources */,
				1372A98E1D22D27C00E276AB /* Main.storyboard in Resources */,
			);
			runOnlyForDeploymentPostprocessing = 0;
		};
		1372A9971D22D27C00E276AB /* Resources */ = {
			isa = PBXResourcesBuildPhase;
			buildActionMask = 2147483647;
			files = (
			);
			runOnlyForDeploymentPostprocessing = 0;
		};
		1372A9A21D22D27C00E276AB /* Resources */ = {
			isa = PBXResourcesBuildPhase;
			buildActionMask = 2147483647;
			files = (
			);
			runOnlyForDeploymentPostprocessing = 0;
		};
/* End PBXResourcesBuildPhase section */

/* Begin PBXSourcesBuildPhase section */
		1372A97C1D22D27B00E276AB /* Sources */ = {
			isa = PBXSourcesBuildPhase;
			buildActionMask = 2147483647;
			files = (
				1372A9B91D22D31E00E276AB /* MYHToTopView.m in Sources */,
				1372A98B1D22D27C00E276AB /* ViewController.m in Sources */,
				1372A9881D22D27C00E276AB /* AppDelegate.m in Sources */,
				1372A9851D22D27C00E276AB /* main.m in Sources */,
			);
			runOnlyForDeploymentPostprocessing = 0;
		};
		1372A9951D22D27C00E276AB /* Sources */ = {
			isa = PBXSourcesBuildPhase;
			buildActionMask = 2147483647;
			files = (
				1372A99E1D22D27C00E276AB /* MYHToTopViewDemoTests.m in Sources */,
			);
			runOnlyForDeploymentPostprocessing = 0;
		};
		1372A9A01D22D27C00E276AB /* Sources */ = {
			isa = PBXSourcesBuildPhase;
			buildActionMask = 2147483647;
			files = (
				1372A9A91D22D27C00E276AB /* MYHToTopViewDemoUITests.m in Sources */,
			);
			runOnlyForDeploymentPostprocessing = 0;
		};
/* End PBXSourcesBuildPhase section */

/* Begin PBXTargetDependency section */
		1372A99B1D22D27C00E276AB /* PBXTargetDependency */ = {
			isa = PBXTargetDependency;
			target = 1372A97F1D22D27B00E276AB /* MYHToTopViewDemo */;
			targetProxy = 1372A99A1D22D27C00E276AB /* PBXContainerItemProxy */;
		};
		1372A9A61D22D27C00E276AB /* PBXTargetDependency */ = {
			isa = PBXTargetDependency;
			target = 1372A97F1D22D27B00E276AB /* MYHToTopViewDemo */;
			targetProxy = 1372A9A51D22D27C00E276AB /* PBXContainerItemProxy */;
		};
/* End PBXTargetDependency section */

/* Begin PBXVariantGroup section */
		1372A98C1D22D27C00E276AB /* Main.storyboard */ = {
			isa = PBXVariantGroup;
			children = (
				1372A98D1D22D27C00E276AB /* Base */,
			);
			name = Main.storyboard;
			sourceTree = "<group>";
		};
		1372A9911D22D27C00E276AB /* LaunchScreen.storyboard */ = {
			isa = PBXVariantGroup;
			children = (
				1372A9921D22D27C00E276AB /* Base */,
			);
			name = LaunchScreen.storyboard;
			sourceTree = "<group>";
		};
/* End PBXVariantGroup section */

/* Begin XCBuildConfiguration section */
		1372A9AB1D22D27C00E276AB /* Debug */ = {
			isa = XCBuildConfiguration;
			buildSettings = {
				ALWAYS_SEARCH_USER_PATHS = NO;
				CLANG_ANALYZER_NONNULL = YES;
				CLANG_CXX_LANGUAGE_STANDARD = "gnu++0x";
				CLANG_CXX_LIBRARY = "libc++";
				CLANG_ENABLE_MODULES = YES;
				CLANG_ENABLE_OBJC_ARC = YES;
				CLANG_WARN_BOOL_CONVERSION = YES;
				CLANG_WARN_CONSTANT_CONVERSION = YES;
				CLANG_WARN_DIRECT_OBJC_ISA_USAGE = YES_ERROR;
				CLANG_WARN_EMPTY_BODY = YES;
				CLANG_WARN_ENUM_CONVERSION = YES;
				CLANG_WARN_INT_CONVERSION = YES;
				CLANG_WARN_OBJC_ROOT_CLASS = YES_ERROR;
				CLANG_WARN_UNREACHABLE_CODE = YES;
				CLANG_WARN__DUPLICATE_METHOD_MATCH = YES;
				"CODE_SIGN_IDENTITY[sdk=iphoneos*]" = "iPhone Developer";
				COPY_PHASE_STRIP = NO;
				DEBUG_INFORMATION_FORMAT = dwarf;
				ENABLE_STRICT_OBJC_MSGSEND = YES;
				ENABLE_TESTABILITY = YES;
				GCC_C_LANGUAGE_STANDARD = gnu99;
				GCC_DYNAMIC_NO_PIC = NO;
				GCC_NO_COMMON_BLOCKS = YES;
				GCC_OPTIMIZATION_LEVEL = 0;
				GCC_PREPROCESSOR_DEFINITIONS = (
					"DEBUG=1",
					"$(inherited)",
				);
				GCC_WARN_64_TO_32_BIT_CONVERSION = YES;
				GCC_WARN_ABOUT_RETURN_TYPE = YES_ERROR;
				GCC_WARN_UNDECLARED_SELECTOR = YES;
				GCC_WARN_UNINITIALIZED_AUTOS = YES_AGGRESSIVE;
				GCC_WARN_UNUSED_FUNCTION = YES;
				GCC_WARN_UNUSED_VARIABLE = YES;
				IPHONEOS_DEPLOYMENT_TARGET = 9.3;
				MTL_ENABLE_DEBUG_INFO = YES;
				ONLY_ACTIVE_ARCH = YES;
				SDKROOT = iphoneos;
			};
			name = Debug;
		};
		1372A9AC1D22D27C00E276AB /* Release */ = {
			isa = XCBuildConfiguration;
			buildSettings = {
				ALWAYS_SEARCH_USER_PATHS = NO;
				CLANG_ANALYZER_NONNULL = YES;
				CLANG_CXX_LANGUAGE_STANDARD = "gnu++0x";
				CLANG_CXX_LIBRARY = "libc++";
				CLANG_ENABLE_MODULES = YES;
				CLANG_ENABLE_OBJC_ARC = YES;
				CLANG_WARN_BOOL_CONVERSION = YES;
				CLANG_WARN_CONSTANT_CONVERSION = YES;
				CLANG_WARN_DIRECT_OBJC_ISA_USAGE = YES_ERROR;
				CLANG_WARN_EMPTY_BODY = YES;
				CLANG_WARN_ENUM_CONVERSION = YES;
				CLANG_WARN_INT_CONVERSION = YES;
				CLANG_WARN_OBJC_ROOT_CLASS = YES_ERROR;
				CLANG_WARN_UNREACHABLE_CODE = YES;
				CLANG_WARN__DUPLICATE_METHOD_MATCH = YES;
				"CODE_SIGN_IDENTITY[sdk=iphoneos*]" = "iPhone Developer";
				COPY_PHASE_STRIP = NO;
				DEBUG_INFORMATION_FORMAT = "dwarf-with-dsym";
				ENABLE_NS_ASSERTIONS = NO;
				ENABLE_STRICT_OBJC_MSGSEND = YES;
				GCC_C_LANGUAGE_STANDARD = gnu99;
				GCC_NO_COMMON_BLOCKS = YES;
				GCC_WARN_64_TO_32_BIT_CONVERSION = YES;
				GCC_WARN_ABOUT_RETURN_TYPE = YES_ERROR;
				GCC_WARN_UNDECLARED_SELECTOR = YES;
				GCC_WARN_UNINITIALIZED_AUTOS = YES_AGGRESSIVE;
				GCC_WARN_UNUSED_FUNCTION = YES;
				GCC_WARN_UNUSED_VARIABLE = YES;
				IPHONEOS_DEPLOYMENT_TARGET = 9.3;
				MTL_ENABLE_DEBUG_INFO = NO;
				SDKROOT = iphoneos;
				VALIDATE_PRODUCT = YES;
			};
			name = Release;
		};
		1372A9AE1D22D27C00E276AB /* Debug */ = {
			isa = XCBuildConfiguration;
			buildSettings = {
				ASSETCATALOG_COMPILER_APPICON_NAME = AppIcon;
				INFOPLIST_FILE = MYHToTopViewDemo/Info.plist;
				LD_RUNPATH_SEARCH_PATHS = "$(inherited) @executable_path/Frameworks";
				PRODUCT_BUNDLE_IDENTIFIER = com.hym.MYHToTopViewDemo;
				PRODUCT_NAME = "$(TARGET_NAME)";
			};
			name = Debug;
		};
		1372A9AF1D22D27C00E276AB /* Release */ = {
			isa = XCBuildConfiguration;
			buildSettings = {
				ASSETCATALOG_COMPILER_APPICON_NAME = AppIcon;
				INFOPLIST_FILE = MYHToTopViewDemo/Info.plist;
				LD_RUNPATH_SEARCH_PATHS = "$(inherited) @executable_path/Frameworks";
				PRODUCT_BUNDLE_IDENTIFIER = com.hym.MYHToTopViewDemo;
				PRODUCT_NAME = "$(TARGET_NAME)";
			};
			name = Release;
		};
		1372A9B11D22D27C00E276AB /* Debug */ = {
			isa = XCBuildConfiguration;
			buildSettings = {
				BUNDLE_LOADER = "$(TEST_HOST)";
				INFOPLIST_FILE = MYHToTopViewDemoTests/Info.plist;
				LD_RUNPATH_SEARCH_PATHS = "$(inherited) @executable_path/Frameworks @loader_path/Frameworks";
				PRODUCT_BUNDLE_IDENTIFIER = com.hym.MYHToTopViewDemoTests;
				PRODUCT_NAME = "$(TARGET_NAME)";
				TEST_HOST = "$(BUILT_PRODUCTS_DIR)/MYHToTopViewDemo.app/MYHToTopViewDemo";
			};
			name = Debug;
		};
		1372A9B21D22D27C00E276AB /* Release */ = {
			isa = XCBuildConfiguration;
			buildSettings = {
				BUNDLE_LOADER = "$(TEST_HOST)";
				INFOPLIST_FILE = MYHToTopViewDemoTests/Info.plist;
				LD_RUNPATH_SEARCH_PATHS = "$(inherited) @executable_path/Frameworks @loader_path/Frameworks";
				PRODUCT_BUNDLE_IDENTIFIER = com.hym.MYHToTopViewDemoTests;
				PRODUCT_NAME = "$(TARGET_NAME)";
				TEST_HOST = "$(BUILT_PRODUCTS_DIR)/MYHToTopViewDemo.app/MYHToTopViewDemo";
			};
			name = Release;
		};
		1372A9B41D22D27C00E276AB /* Debug */ = {
			isa = XCBuildConfiguration;
			buildSettings = {
				INFOPLIST_FILE = MYHToTopViewDemoUITests/Info.plist;
				LD_RUNPATH_SEARCH_PATHS = "$(inherited) @executable_path/Frameworks @loader_path/Frameworks";
				PRODUCT_BUNDLE_IDENTIFIER = com.hym.MYHToTopViewDemoUITests;
				PRODUCT_NAME = "$(TARGET_NAME)";
				TEST_TARGET_NAME = MYHToTopViewDemo;
			};
			name = Debug;
		};
		1372A9B51D22D27C00E276AB /* Release */ = {
			isa = XCBuildConfiguration;
			buildSettings = {
				INFOPLIST_FILE = MYHToTopViewDemoUITests/Info.plist;
				LD_RUNPATH_SEARCH_PATHS = "$(inherited) @executable_path/Frameworks @loader_path/Frameworks";
				PRODUCT_BUNDLE_IDENTIFIER = com.hym.MYHToTopViewDemoUITests;
				PRODUCT_NAME = "$(TARGET_NAME)";
				TEST_TARGET_NAME = MYHToTopViewDemo;
			};
			name = Release;
		};
/* End XCBuildConfiguration section */

/* Begin XCConfigurationList section */
		1372A97B1D22D27B00E276AB /* Build configuration list for PBXProject "MYHToTopViewDemo" */ = {
			isa = XCConfigurationList;
			buildConfigurations = (
				1372A9AB1D22D27C00E276AB /* Debug */,
				1372A9AC1D22D27C00E276AB /* Release */,
			);
			defaultConfigurationIsVisible = 0;
			defaultConfigurationName = Release;
		};
		1372A9AD1D22D27C00E276AB /* Build configuration list for PBXNativeTarget "MYHToTopViewDemo" */ = {
			isa = XCConfigurationList;
			buildConfigurations = (
				1372A9AE1D22D27C00E276AB /* Debug */,
				1372A9AF1D22D27C00E276AB /* Release */,
			);
			defaultConfigurationIsVisible = 0;
			defaultConfigurationName = Release;
		};
		1372A9B01D22D27C00E276AB /* Build configuration list for PBXNativeTarget "MYHToTopViewDemoTests" */ = {
			isa = XCConfigurationList;
			buildConfigurations = (
				1372A9B11D22D27C00E276AB /* Debug */,
				1372A9B21D22D27C00E276AB /* Release */,
			);
			defaultConfigurationIsVisible = 0;
			defaultConfigurationName = Release;
		};
		1372A9B31D22D27C00E276AB /* Build configuration list for PBXNativeTarget "MYHToTopViewDemoUITests" */ = {
			isa = XCConfigurationList;
			buildConfigurations = (
				1372A9B41D22D27C00E276AB /* Debug */,
				1372A9B51D22D27C00E276AB /* Release */,
			);
			defaultConfigurationIsVisible = 0;
			defaultConfigurationName = Release;
		};
/* End XCConfigurationList section */
	};
	rootObject = 1372A9781D22D27B00E276AB /* Project object */;
}
